// !$*UTF8*$!
{
	archiveVersion = 1;
	classes = {
	};
	objectVersion = 50;
	objects = {

/* Begin PBXBuildFile section */
		451C29D42494C1AA007BD424 /* AppDelegate.swift in Sources */ = {isa = PBXBuildFile; fileRef = 451C29D32494C1AA007BD424 /* AppDelegate.swift */; };
		451C29D62494C1AA007BD424 /* SceneDelegate.swift in Sources */ = {isa = PBXBuildFile; fileRef = 451C29D52494C1AA007BD424 /* SceneDelegate.swift */; };
		451C29DD2494C1AB007BD424 /* Assets.xcassets in Resources */ = {isa = PBXBuildFile; fileRef = 451C29DC2494C1AB007BD424 /* Assets.xcassets */; };
		451C29E02494C1AB007BD424 /* LaunchScreen.storyboard in Resources */ = {isa = PBXBuildFile; fileRef = 451C29DE2494C1AB007BD424 /* LaunchScreen.storyboard */; };
		451C29E82494C309007BD424 /* AllRecipesViewController.swift in Sources */ = {isa = PBXBuildFile; fileRef = 451C29E72494C309007BD424 /* AllRecipesViewController.swift */; };
		451C29F32494D9C4007BD424 /* Recipe.swift in Sources */ = {isa = PBXBuildFile; fileRef = 451C29F22494D9C4007BD424 /* Recipe.swift */; };
		451C29F52494DA03007BD424 /* ImageItem.swift in Sources */ = {isa = PBXBuildFile; fileRef = 451C29F42494DA03007BD424 /* ImageItem.swift */; };
		451C29F92494DA6E007BD424 /* ImageCell.swift in Sources */ = {isa = PBXBuildFile; fileRef = 451C29F82494DA6E007BD424 /* ImageCell.swift */; };
		451C29FD2494DCD9007BD424 /* AddRecipeViewController.swift in Sources */ = {isa = PBXBuildFile; fileRef = 451C29FC2494DCD9007BD424 /* AddRecipeViewController.swift */; };
		451C29FF2494DE02007BD424 /* AllRecipesViewModel.swift in Sources */ = {isa = PBXBuildFile; fileRef = 451C29FE2494DE02007BD424 /* AllRecipesViewModel.swift */; };
		451F84EB249B668100264C33 /* CRstartView.swift in Sources */ = {isa = PBXBuildFile; fileRef = 451F84EA249B668100264C33 /* CRstartView.swift */; };
		451F8518249BE08C00264C33 /* AddRecipeViewModel.swift in Sources */ = {isa = PBXBuildFile; fileRef = 451F8517249BE08C00264C33 /* AddRecipeViewModel.swift */; };
		453371332498C8400015EE79 /* ImagePlaceholderCell.swift in Sources */ = {isa = PBXBuildFile; fileRef = 453371322498C8400015EE79 /* ImagePlaceholderCell.swift */; };
		45337137249905DC0015EE79 /* DataModel.swift in Sources */ = {isa = PBXBuildFile; fileRef = 45337136249905DC0015EE79 /* DataModel.swift */; };
		453C98942494E6C900400F43 /* recipes.json in Resources */ = {isa = PBXBuildFile; fileRef = 453C98932494E6C900400F43 /* recipes.json */; };
		453C98982495198600400F43 /* RecipeHeader.swift in Sources */ = {isa = PBXBuildFile; fileRef = 453C98972495198600400F43 /* RecipeHeader.swift */; };
		453C989B2496388900400F43 /* CRTextField.swift in Sources */ = {isa = PBXBuildFile; fileRef = 453C989A2496388900400F43 /* CRTextField.swift */; };
		453C989E24963E3900400F43 /* CRTitleLabel.swift in Sources */ = {isa = PBXBuildFile; fileRef = 453C989D24963E3900400F43 /* CRTitleLabel.swift */; };
		453C98A4249663E300400F43 /* NewItemImageCell.swift in Sources */ = {isa = PBXBuildFile; fileRef = 453C98A3249663E300400F43 /* NewItemImageCell.swift */; };
		45464618249A5F4E0062E4FF /* CRTextView.swift in Sources */ = {isa = PBXBuildFile; fileRef = 45464617249A5F4E0062E4FF /* CRTextView.swift */; };
		45EF25D42497E70D00BA994F /* PersistenceManager.swift in Sources */ = {isa = PBXBuildFile; fileRef = 45EF25D32497E70D00BA994F /* PersistenceManager.swift */; };
/* End PBXBuildFile section */

/* Begin PBXFileReference section */
		451C29D02494C1AA007BD424 /* charly-recipes.app */ = {isa = PBXFileReference; explicitFileType = wrapper.application; includeInIndex = 0; path = "charly-recipes.app"; sourceTree = BUILT_PRODUCTS_DIR; };
		451C29D32494C1AA007BD424 /* AppDelegate.swift */ = {isa = PBXFileReference; lastKnownFileType = sourcecode.swift; path = AppDelegate.swift; sourceTree = "<group>"; };
		451C29D52494C1AA007BD424 /* SceneDelegate.swift */ = {isa = PBXFileReference; lastKnownFileType = sourcecode.swift; path = SceneDelegate.swift; sourceTree = "<group>"; };
		451C29DC2494C1AB007BD424 /* Assets.xcassets */ = {isa = PBXFileReference; lastKnownFileType = folder.assetcatalog; path = Assets.xcassets; sourceTree = "<group>"; };
		451C29DF2494C1AB007BD424 /* Base */ = {isa = PBXFileReference; lastKnownFileType = file.storyboard; name = Base; path = Base.lproj/LaunchScreen.storyboard; sourceTree = "<group>"; };
		451C29E12494C1AB007BD424 /* Info.plist */ = {isa = PBXFileReference; lastKnownFileType = text.plist.xml; path = Info.plist; sourceTree = "<group>"; };
		451C29E72494C309007BD424 /* AllRecipesViewController.swift */ = {isa = PBXFileReference; lastKnownFileType = sourcecode.swift; path = AllRecipesViewController.swift; sourceTree = "<group>"; };
		451C29F22494D9C4007BD424 /* Recipe.swift */ = {isa = PBXFileReference; lastKnownFileType = sourcecode.swift; path = Recipe.swift; sourceTree = "<group>"; };
		451C29F42494DA03007BD424 /* ImageItem.swift */ = {isa = PBXFileReference; lastKnownFileType = sourcecode.swift; path = ImageItem.swift; sourceTree = "<group>"; };
		451C29F82494DA6E007BD424 /* ImageCell.swift */ = {isa = PBXFileReference; lastKnownFileType = sourcecode.swift; path = ImageCell.swift; sourceTree = "<group>"; };
		451C29FC2494DCD9007BD424 /* AddRecipeViewController.swift */ = {isa = PBXFileReference; lastKnownFileType = sourcecode.swift; path = AddRecipeViewController.swift; sourceTree = "<group>"; };
		451C29FE2494DE02007BD424 /* AllRecipesViewModel.swift */ = {isa = PBXFileReference; lastKnownFileType = sourcecode.swift; path = AllRecipesViewModel.swift; sourceTree = "<group>"; };
		451F84EA249B668100264C33 /* CRstartView.swift */ = {isa = PBXFileReference; lastKnownFileType = sourcecode.swift; path = CRstartView.swift; sourceTree = "<group>"; };
		451F8517249BE08C00264C33 /* AddRecipeViewModel.swift */ = {isa = PBXFileReference; lastKnownFileType = sourcecode.swift; path = AddRecipeViewModel.swift; sourceTree = "<group>"; };
		453371322498C8400015EE79 /* ImagePlaceholderCell.swift */ = {isa = PBXFileReference; lastKnownFileType = sourcecode.swift; path = ImagePlaceholderCell.swift; sourceTree = "<group>"; };
		45337136249905DC0015EE79 /* DataModel.swift */ = {isa = PBXFileReference; lastKnownFileType = sourcecode.swift; path = DataModel.swift; sourceTree = "<group>"; };
		453C98932494E6C900400F43 /* recipes.json */ = {isa = PBXFileReference; lastKnownFileType = text.json; path = recipes.json; sourceTree = "<group>"; };
		453C98972495198600400F43 /* RecipeHeader.swift */ = {isa = PBXFileReference; lastKnownFileType = sourcecode.swift; path = RecipeHeader.swift; sourceTree = "<group>"; };
		453C989A2496388900400F43 /* CRTextField.swift */ = {isa = PBXFileReference; lastKnownFileType = sourcecode.swift; path = CRTextField.swift; sourceTree = "<group>"; };
		453C989D24963E3900400F43 /* CRTitleLabel.swift */ = {isa = PBXFileReference; lastKnownFileType = sourcecode.swift; path = CRTitleLabel.swift; sourceTree = "<group>"; };
		453C98A3249663E300400F43 /* NewItemImageCell.swift */ = {isa = PBXFileReference; fileEncoding = 4; lastKnownFileType = sourcecode.swift; path = NewItemImageCell.swift; sourceTree = "<group>"; };
		45464617249A5F4E0062E4FF /* CRTextView.swift */ = {isa = PBXFileReference; lastKnownFileType = sourcecode.swift; path = CRTextView.swift; sourceTree = "<group>"; };
		45EF25D32497E70D00BA994F /* PersistenceManager.swift */ = {isa = PBXFileReference; lastKnownFileType = sourcecode.swift; path = PersistenceManager.swift; sourceTree = "<group>"; };
/* End PBXFileReference section */

/* Begin PBXFrameworksBuildPhase section */
		451C29CD2494C1AA007BD424 /* Frameworks */ = {
			isa = PBXFrameworksBuildPhase;
			buildActionMask = 2147483647;
			files = (
			);
			runOnlyForDeploymentPostprocessing = 0;
		};
/* End PBXFrameworksBuildPhase section */

/* Begin PBXGroup section */
		451C29C72494C1AA007BD424 = {
			isa = PBXGroup;
			children = (
				451C29D22494C1AA007BD424 /* charly-recipes */,
				451C29D12494C1AA007BD424 /* Products */,
			);
			sourceTree = "<group>";
		};
		451C29D12494C1AA007BD424 /* Products */ = {
			isa = PBXGroup;
			children = (
				451C29D02494C1AA007BD424 /* charly-recipes.app */,
			);
			name = Products;
			sourceTree = "<group>";
		};
		451C29D22494C1AA007BD424 /* charly-recipes */ = {
			isa = PBXGroup;
			children = (
				451F8516249BE06B00264C33 /* ViewModel */,
				45464612249A58CE0062E4FF /* Utilities */,
				451C29ED2494D91F007BD424 /* Extensions */,
				45464615249A5A880062E4FF /* screens */,
				451C29EF2494D98B007BD424 /* Model */,
				451C29F62494DA41007BD424 /* Custom Views */,
				45464616249A5B370062E4FF /* support */,
				451C29E12494C1AB007BD424 /* Info.plist */,
				453C98932494E6C900400F43 /* recipes.json */,
			);
			path = "charly-recipes";
			sourceTree = "<group>";
		};
		451C29ED2494D91F007BD424 /* Extensions */ = {
			isa = PBXGroup;
			children = (
			);
			path = Extensions;
			sourceTree = "<group>";
		};
		451C29EF2494D98B007BD424 /* Model */ = {
			isa = PBXGroup;
			children = (
				45337136249905DC0015EE79 /* DataModel.swift */,
				451C29F22494D9C4007BD424 /* Recipe.swift */,
				451C29F42494DA03007BD424 /* ImageItem.swift */,
			);
			path = Model;
			sourceTree = "<group>";
		};
		451C29F62494DA41007BD424 /* Custom Views */ = {
			isa = PBXGroup;
			children = (
				451F84E9249B665D00264C33 /* Views */,
				453C989C24963E2400400F43 /* Labels */,
				453C98992496385B00400F43 /* TextFields */,
				451C29F72494DA4D007BD424 /* Cells */,
			);
			path = "Custom Views";
			sourceTree = "<group>";
		};
		451C29F72494DA4D007BD424 /* Cells */ = {
			isa = PBXGroup;
			children = (
				453C98972495198600400F43 /* RecipeHeader.swift */,
				453C98A3249663E300400F43 /* NewItemImageCell.swift */,
				453371322498C8400015EE79 /* ImagePlaceholderCell.swift */,
				451C29F82494DA6E007BD424 /* ImageCell.swift */,
			);
			path = Cells;
			sourceTree = "<group>";
		};
		451F84E9249B665D00264C33 /* Views */ = {
			isa = PBXGroup;
			children = (
				451F84EA249B668100264C33 /* CRstartView.swift */,
			);
			path = Views;
			sourceTree = "<group>";
		};
		451F8516249BE06B00264C33 /* ViewModel */ = {
			isa = PBXGroup;
			children = (
				451F8517249BE08C00264C33 /* AddRecipeViewModel.swift */,
			);
			path = ViewModel;
			sourceTree = "<group>";
		};
		453C98992496385B00400F43 /* TextFields */ = {
			isa = PBXGroup;
			children = (
				453C989A2496388900400F43 /* CRTextField.swift */,
				45464617249A5F4E0062E4FF /* CRTextView.swift */,
			);
			path = TextFields;
			sourceTree = "<group>";
		};
		453C989C24963E2400400F43 /* Labels */ = {
			isa = PBXGroup;
			children = (
				453C989D24963E3900400F43 /* CRTitleLabel.swift */,
			);
			path = Labels;
			sourceTree = "<group>";
		};
		45464612249A58CE0062E4FF /* Utilities */ = {
			isa = PBXGroup;
			children = (
				45EF25D32497E70D00BA994F /* PersistenceManager.swift */,
			);
			path = Utilities;
			sourceTree = "<group>";
		};
		45464615249A5A880062E4FF /* screens */ = {
			isa = PBXGroup;
			children = (
				451C29FC2494DCD9007BD424 /* AddRecipeViewController.swift */,
				451C29E72494C309007BD424 /* AllRecipesViewController.swift */,
				451C29FE2494DE02007BD424 /* AllRecipesViewModel.swift */,
			);
			path = screens;
			sourceTree = "<group>";
		};
		45464616249A5B370062E4FF /* support */ = {
			isa = PBXGroup;
			children = (
				451C29D32494C1AA007BD424 /* AppDelegate.swift */,
				451C29D52494C1AA007BD424 /* SceneDelegate.swift */,
				451C29DC2494C1AB007BD424 /* Assets.xcassets */,
				451C29DE2494C1AB007BD424 /* LaunchScreen.storyboard */,
			);
			path = support;
			sourceTree = "<group>";
		};
/* End PBXGroup section */

/* Begin PBXNativeTarget section */
		451C29CF2494C1AA007BD424 /* charly-recipes */ = {
			isa = PBXNativeTarget;
			buildConfigurationList = 451C29E42494C1AB007BD424 /* Build configuration list for PBXNativeTarget "charly-recipes" */;
			buildPhases = (
				451C29CC2494C1AA007BD424 /* Sources */,
				451C29CD2494C1AA007BD424 /* Frameworks */,
				451C29CE2494C1AA007BD424 /* Resources */,
			);
			buildRules = (
			);
			dependencies = (
			);
			name = "charly-recipes";
			productName = "charly-recipes";
			productReference = 451C29D02494C1AA007BD424 /* charly-recipes.app */;
			productType = "com.apple.product-type.application";
		};
/* End PBXNativeTarget section */

/* Begin PBXProject section */
		451C29C82494C1AA007BD424 /* Project object */ = {
			isa = PBXProject;
			attributes = {
				LastSwiftUpdateCheck = 1150;
				LastUpgradeCheck = 1150;
				ORGANIZATIONNAME = "Laurent B";
				TargetAttributes = {
					451C29CF2494C1AA007BD424 = {
						CreatedOnToolsVersion = 11.5;
					};
				};
			};
			buildConfigurationList = 451C29CB2494C1AA007BD424 /* Build configuration list for PBXProject "charly-recipes" */;
			compatibilityVersion = "Xcode 9.3";
			developmentRegion = en;
			hasScannedForEncodings = 0;
			knownRegions = (
				en,
				Base,
			);
			mainGroup = 451C29C72494C1AA007BD424;
			productRefGroup = 451C29D12494C1AA007BD424 /* Products */;
			projectDirPath = "";
			projectRoot = "";
			targets = (
				451C29CF2494C1AA007BD424 /* charly-recipes */,
			);
		};
/* End PBXProject section */

/* Begin PBXResourcesBuildPhase section */
		451C29CE2494C1AA007BD424 /* Resources */ = {
			isa = PBXResourcesBuildPhase;
			buildActionMask = 2147483647;
			files = (
				451C29E02494C1AB007BD424 /* LaunchScreen.storyboard in Resources */,
				453C98942494E6C900400F43 /* recipes.json in Resources */,
				451C29DD2494C1AB007BD424 /* Assets.xcassets in Resources */,
			);
			runOnlyForDeploymentPostprocessing = 0;
		};
/* End PBXResourcesBuildPhase section */

/* Begin PBXSourcesBuildPhase section */
		451C29CC2494C1AA007BD424 /* Sources */ = {
			isa = PBXSourcesBuildPhase;
			buildActionMask = 2147483647;
			files = (
				451C29FD2494DCD9007BD424 /* AddRecipeViewController.swift in Sources */,
				453371332498C8400015EE79 /* ImagePlaceholderCell.swift in Sources */,
				451C29F32494D9C4007BD424 /* Recipe.swift in Sources */,
				453C98982495198600400F43 /* RecipeHeader.swift in Sources */,
				45EF25D42497E70D00BA994F /* PersistenceManager.swift in Sources */,
				451C29E82494C309007BD424 /* AllRecipesViewController.swift in Sources */,
				45464618249A5F4E0062E4FF /* CRTextView.swift in Sources */,
				453C989E24963E3900400F43 /* CRTitleLabel.swift in Sources */,
				453C98A4249663E300400F43 /* NewItemImageCell.swift in Sources */,
				451C29D42494C1AA007BD424 /* AppDelegate.swift in Sources */,
				451C29F52494DA03007BD424 /* ImageItem.swift in Sources */,
				451F84EB249B668100264C33 /* CRstartView.swift in Sources */,
				453C989B2496388900400F43 /* CRTextField.swift in Sources */,
				451C29FF2494DE02007BD424 /* AllRecipesViewModel.swift in Sources */,
				451F8518249BE08C00264C33 /* AddRecipeViewModel.swift in Sources */,
				451C29D62494C1AA007BD424 /* SceneDelegate.swift in Sources */,
				45337137249905DC0015EE79 /* DataModel.swift in Sources */,
				451C29F92494DA6E007BD424 /* ImageCell.swift in Sources */,
			);
			runOnlyForDeploymentPostprocessing = 0;
		};
/* End PBXSourcesBuildPhase section */

/* Begin PBXVariantGroup section */
		451C29DE2494C1AB007BD424 /* LaunchScreen.storyboard */ = {
			isa = PBXVariantGroup;
			children = (
				451C29DF2494C1AB007BD424 /* Base */,
			);
			name = LaunchScreen.storyboard;
			sourceTree = "<group>";
		};
/* End PBXVariantGroup section */

/* Begin XCBuildConfiguration section */
		451C29E22494C1AB007BD424 /* Debug */ = {
			isa = XCBuildConfiguration;
			buildSettings = {
				ALWAYS_SEARCH_USER_PATHS = NO;
				CLANG_ANALYZER_NONNULL = YES;
				CLANG_ANALYZER_NUMBER_OBJECT_CONVERSION = YES_AGGRESSIVE;
				CLANG_CXX_LANGUAGE_STANDARD = "gnu++14";
				CLANG_CXX_LIBRARY = "libc++";
				CLANG_ENABLE_MODULES = YES;
				CLANG_ENABLE_OBJC_ARC = YES;
				CLANG_ENABLE_OBJC_WEAK = YES;
				CLANG_WARN_BLOCK_CAPTURE_AUTORELEASING = YES;
				CLANG_WARN_BOOL_CONVERSION = YES;
				CLANG_WARN_COMMA = YES;
				CLANG_WARN_CONSTANT_CONVERSION = YES;
				CLANG_WARN_DEPRECATED_OBJC_IMPLEMENTATIONS = YES;
				CLANG_WARN_DIRECT_OBJC_ISA_USAGE = YES_ERROR;
				CLANG_WARN_DOCUMENTATION_COMMENTS = YES;
				CLANG_WARN_EMPTY_BODY = YES;
				CLANG_WARN_ENUM_CONVERSION = YES;
				CLANG_WARN_INFINITE_RECURSION = YES;
				CLANG_WARN_INT_CONVERSION = YES;
				CLANG_WARN_NON_LITERAL_NULL_CONVERSION = YES;
				CLANG_WARN_OBJC_IMPLICIT_RETAIN_SELF = YES;
				CLANG_WARN_OBJC_LITERAL_CONVERSION = YES;
				CLANG_WARN_OBJC_ROOT_CLASS = YES_ERROR;
				CLANG_WARN_RANGE_LOOP_ANALYSIS = YES;
				CLANG_WARN_STRICT_PROTOTYPES = YES;
				CLANG_WARN_SUSPICIOUS_MOVE = YES;
				CLANG_WARN_UNGUARDED_AVAILABILITY = YES_AGGRESSIVE;
				CLANG_WARN_UNREACHABLE_CODE = YES;
				CLANG_WARN__DUPLICATE_METHOD_MATCH = YES;
				COPY_PHASE_STRIP = NO;
				DEBUG_INFORMATION_FORMAT = dwarf;
				ENABLE_STRICT_OBJC_MSGSEND = YES;
				ENABLE_TESTABILITY = YES;
				GCC_C_LANGUAGE_STANDARD = gnu11;
				GCC_DYNAMIC_NO_PIC = NO;
				GCC_NO_COMMON_BLOCKS = YES;
				GCC_OPTIMIZATION_LEVEL = 0;
				GCC_PREPROCESSOR_DEFINITIONS = (
					"DEBUG=1",
					"$(inherited)",
				);
				GCC_WARN_64_TO_32_BIT_CONVERSION = YES;
				GCC_WARN_ABOUT_RETURN_TYPE = YES_ERROR;
				GCC_WARN_UNDECLARED_SELECTOR = YES;
				GCC_WARN_UNINITIALIZED_AUTOS = YES_AGGRESSIVE;
				GCC_WARN_UNUSED_FUNCTION = YES;
				GCC_WARN_UNUSED_VARIABLE = YES;
				IPHONEOS_DEPLOYMENT_TARGET = 13.5;
				MTL_ENABLE_DEBUG_INFO = INCLUDE_SOURCE;
				MTL_FAST_MATH = YES;
				ONLY_ACTIVE_ARCH = YES;
				SDKROOT = iphoneos;
				SWIFT_ACTIVE_COMPILATION_CONDITIONS = DEBUG;
				SWIFT_OPTIMIZATION_LEVEL = "-Onone";
			};
			name = Debug;
		};
		451C29E32494C1AB007BD424 /* Release */ = {
			isa = XCBuildConfiguration;
			buildSettings = {
				ALWAYS_SEARCH_USER_PATHS = NO;
				CLANG_ANALYZER_NONNULL = YES;
				CLANG_ANALYZER_NUMBER_OBJECT_CONVERSION = YES_AGGRESSIVE;
				CLANG_CXX_LANGUAGE_STANDARD = "gnu++14";
				CLANG_CXX_LIBRARY = "libc++";
				CLANG_ENABLE_MODULES = YES;
				CLANG_ENABLE_OBJC_ARC = YES;
				CLANG_ENABLE_OBJC_WEAK = YES;
				CLANG_WARN_BLOCK_CAPTURE_AUTORELEASING = YES;
				CLANG_WARN_BOOL_CONVERSION = YES;
				CLANG_WARN_COMMA = YES;
				CLANG_WARN_CONSTANT_CONVERSION = YES;
				CLANG_WARN_DEPRECATED_OBJC_IMPLEMENTATIONS = YES;
				CLANG_WARN_DIRECT_OBJC_ISA_USAGE = YES_ERROR;
				CLANG_WARN_DOCUMENTATION_COMMENTS = YES;
				CLANG_WARN_EMPTY_BODY = YES;
				CLANG_WARN_ENUM_CONVERSION = YES;
				CLANG_WARN_INFINITE_RECURSION = YES;
				CLANG_WARN_INT_CONVERSION = YES;
				CLANG_WARN_NON_LITERAL_NULL_CONVERSION = YES;
				CLANG_WARN_OBJC_IMPLICIT_RETAIN_SELF = YES;
				CLANG_WARN_OBJC_LITERAL_CONVERSION = YES;
				CLANG_WARN_OBJC_ROOT_CLASS = YES_ERROR;
				CLANG_WARN_RANGE_LOOP_ANALYSIS = YES;
				CLANG_WARN_STRICT_PROTOTYPES = YES;
				CLANG_WARN_SUSPICIOUS_MOVE = YES;
				CLANG_WARN_UNGUARDED_AVAILABILITY = YES_AGGRESSIVE;
				CLANG_WARN_UNREACHABLE_CODE = YES;
				CLANG_WARN__DUPLICATE_METHOD_MATCH = YES;
				COPY_PHASE_STRIP = NO;
				DEBUG_INFORMATION_FORMAT = "dwarf-with-dsym";
				ENABLE_NS_ASSERTIONS = NO;
				ENABLE_STRICT_OBJC_MSGSEND = YES;
				GCC_C_LANGUAGE_STANDARD = gnu11;
				GCC_NO_COMMON_BLOCKS = YES;
				GCC_WARN_64_TO_32_BIT_CONVERSION = YES;
				GCC_WARN_ABOUT_RETURN_TYPE = YES_ERROR;
				GCC_WARN_UNDECLARED_SELECTOR = YES;
				GCC_WARN_UNINITIALIZED_AUTOS = YES_AGGRESSIVE;
				GCC_WARN_UNUSED_FUNCTION = YES;
				GCC_WARN_UNUSED_VARIABLE = YES;
				IPHONEOS_DEPLOYMENT_TARGET = 13.5;
				MTL_ENABLE_DEBUG_INFO = NO;
				MTL_FAST_MATH = YES;
				SDKROOT = iphoneos;
				SWIFT_COMPILATION_MODE = wholemodule;
				SWIFT_OPTIMIZATION_LEVEL = "-O";
				VALIDATE_PRODUCT = YES;
			};
			name = Release;
		};
		451C29E52494C1AB007BD424 /* Debug */ = {
			isa = XCBuildConfiguration;
			buildSettings = {
				ASSETCATALOG_COMPILER_APPICON_NAME = AppIcon;
				CODE_SIGN_STYLE = Automatic;
				DEVELOPMENT_TEAM = GGXD5E6AF8;
				INFOPLIST_FILE = "charly-recipes/Info.plist";
				LD_RUNPATH_SEARCH_PATHS = (
					"$(inherited)",
					"@executable_path/Frameworks",
				);
				PRODUCT_BUNDLE_IDENTIFIER = "com.laurentb.charly-recipes";
				PRODUCT_NAME = "$(TARGET_NAME)";
				SWIFT_VERSION = 5.0;
				TARGETED_DEVICE_FAMILY = 1;
			};
			name = Debug;
		};
		451C29E62494C1AB007BD424 /* Release */ = {
			isa = XCBuildConfiguration;
			buildSettings = {
				ASSETCATALOG_COMPILER_APPICON_NAME = AppIcon;
				CODE_SIGN_STYLE = Automatic;
				DEVELOPMENT_TEAM = GGXD5E6AF8;
				INFOPLIST_FILE = "charly-recipes/Info.plist";
				LD_RUNPATH_SEARCH_PATHS = (
					"$(inherited)",
					"@executable_path/Frameworks",
				);
				PRODUCT_BUNDLE_IDENTIFIER = "com.laurentb.charly-recipes";
				PRODUCT_NAME = "$(TARGET_NAME)";
				SWIFT_VERSION = 5.0;
				TARGETED_DEVICE_FAMILY = 1;
			};
			name = Release;
		};
/* End XCBuildConfiguration section */

/* Begin XCConfigurationList section */
		451C29CB2494C1AA007BD424 /* Build configuration list for PBXProject "charly-recipes" */ = {
			isa = XCConfigurationList;
			buildConfigurations = (
				451C29E22494C1AB007BD424 /* Debug */,
				451C29E32494C1AB007BD424 /* Release */,
			);
			defaultConfigurationIsVisible = 0;
			defaultConfigurationName = Release;
		};
		451C29E42494C1AB007BD424 /* Build configuration list for PBXNativeTarget "charly-recipes" */ = {
			isa = XCConfigurationList;
			buildConfigurations = (
				451C29E52494C1AB007BD424 /* Debug */,
				451C29E62494C1AB007BD424 /* Release */,
			);
			defaultConfigurationIsVisible = 0;
			defaultConfigurationName = Release;
		};
/* End XCConfigurationList section */
	};
	rootObject = 451C29C82494C1AA007BD424 /* Project object */;
}
